slug: a2-pronouns-substitution,-one,-ones,-none
title: 'A2 PRONOUNS: substitution, one, ones, none'
level: A2
super_category: PRONOUNS
sub_category: substitution, one, ones, none
category: pronouns
sort_order: 81
merged_sub_categories:
- substitution, one, ones, none
detectability:
  form: 3
split: null
construct_count: 3
