slug: b2-future-future-perfect-simple
title: 'B2 FUTURE: future perfect simple'
level: B2
super_category: FUTURE
sub_category: future perfect simple
category: verbs-tenses
sort_order: 174
merged_sub_categories:
- future perfect simple
detectability:
  form: 2
  use: 1
split: null
construct_count: 3
