slug: a2-determiners-articles+possessives
title: 'A2 DETERMINERS: articles, possessives'
level: A2
super_category: DETERMINERS
sub_category: articles+possessives
category: nouns-articles
sort_order: 50
merged_sub_categories:
- articles
- possessives
detectability:
  form: 4
split: null
construct_count: 4
