slug: c2-future-future-in-the-past+future-perfect-continuous+future-perfect-si
title: 'C2 FUTURE: future in the past, future perfect continuous, future perfect simple, future simple
  (with will and shall), future with be going to, present continuous for future use'
level: C2
super_category: FUTURE
sub_category: future in the past+future perfect continuous+future perfect simple+…
category: verbs-tenses
sort_order: 253
merged_sub_categories:
- future in the past
- future perfect continuous
- future perfect simple
- future simple (with will and shall)
- future with be going to
- present continuous for future use
detectability:
  use: 4
  form: 3
split: null
construct_count: 7
