slug: a1-clauses-coordinated+interrogatives+subordinated
title: 'A1 CLAUSES: coordinated, interrogatives, subordinated'
level: A1
super_category: CLAUSES
sub_category: coordinated+interrogatives+subordinated
category: clauses
sort_order: 7
merged_sub_categories:
- coordinated
- interrogatives
- subordinated
detectability:
  form: 4
split: null
construct_count: 4
