slug: c2-modality-adverbs+can+could+…-use
title: 'C2 MODALITY: adverbs, can, could, dare, expressions with be, might, need, shall, used to, will,
  would (use)'
level: C2
super_category: MODALITY
sub_category: adverbs+can+could+…
category: modals
sort_order: 258
merged_sub_categories:
- adverbs
- can
- could
- dare
- expressions with be
- might
- need
- shall
- used to
- will
- would
detectability:
  form: 0
  use: 8
  hybrid: 0
split: use
construct_count: 8
