slug: b2-clauses-conditional+coordinated+imperatives+…
title: 'B2 CLAUSES: conditional, coordinated, imperatives, interrogatives, phrases/exclamations'
level: B2
super_category: CLAUSES
sub_category: conditional+coordinated+imperatives+…
category: clauses
sort_order: 166
merged_sub_categories:
- conditional
- coordinated
- imperatives
- interrogatives
- phrases/exclamations
detectability:
  form: 7
split: null
construct_count: 7
