slug: b1-future-future-simple-with-will-and-shall
title: 'B1 FUTURE: future simple (with will and shall)'
level: B1
super_category: FUTURE
sub_category: future simple (with will and shall)
category: verbs-tenses
sort_order: 115
merged_sub_categories:
- future simple (with will and shall)
detectability:
  use: 3
split: null
construct_count: 3
