slug: b1-nouns-plural+types+uncountable
title: 'B1 NOUNS: plural, types, uncountable'
level: B1
super_category: NOUNS
sub_category: plural+types+uncountable
category: nouns-articles
sort_order: 132
merged_sub_categories:
- plural
- types
- uncountable
detectability:
  form: 4
split: null
construct_count: 4
