slug: a1-verbs-patterns_with-to-and-ing
title: 'A1 VERBS: patterns_with to and -ing'
level: A1
super_category: VERBS
sub_category: patterns_with to and -ing
category: verbs-tenses
sort_order: 30
merged_sub_categories:
- patterns_with to and -ing
detectability:
  form: 3
split: null
construct_count: 3
