slug: a2-clauses-comparatives+coordinated+declarative+…
title: 'A2 CLAUSES: comparatives, coordinated, declarative, phrases/exclamations'
level: A2
super_category: CLAUSES
sub_category: comparatives+coordinated+declarative+…
category: clauses
sort_order: 46
merged_sub_categories:
- comparatives
- coordinated
- declarative
- phrases/exclamations
detectability:
  form: 6
split: null
construct_count: 6
