slug: b2-adverbs-adverb-phrases-form+adverbs-as-modifiers+position
title: 'B2 ADVERBS: adverb phrases - form, adverbs as modifiers, position'
level: B2
super_category: ADVERBS
sub_category: adverb phrases - form+adverbs as modifiers+position
category: adjectives-adverbs
sort_order: 162
merged_sub_categories:
- adverb phrases - form
- adverbs as modifiers
- position
detectability:
  use: 2
  form: 2
split: null
construct_count: 4
