slug: b1-future-present-continuous-for-future-use
title: 'B1 FUTURE: present continuous for future use'
level: B1
super_category: FUTURE
sub_category: present continuous for future use
category: verbs-tenses
sort_order: 116
merged_sub_categories:
- present continuous for future use
detectability:
  use: 2
  form: 1
split: null
construct_count: 3
