slug: b1-pronouns-generic-use+quantity+reciprocal+…
title: 'B1 PRONOUNS: generic use, quantity, reciprocal, subject/ object'
level: B1
super_category: PRONOUNS
sub_category: generic use+quantity+reciprocal+…
category: pronouns
sort_order: 149
merged_sub_categories:
- generic use
- quantity
- reciprocal
- subject/ object
detectability:
  form: 4
  use: 1
split: null
construct_count: 5
