slug: b2-verbs-linking+phrasal-prepositional+prepositional+…
title: 'B2 VERBS: linking, phrasal-prepositional, prepositional, there is/are, types'
level: B2
super_category: VERBS
sub_category: linking+phrasal-prepositional+prepositional+…
category: verbs-tenses
sort_order: 208
merged_sub_categories:
- linking
- phrasal-prepositional
- prepositional
- there is/are
- types
detectability:
  form: 6
split: null
construct_count: 6
