slug: c1-adjectives-combining+modifying+position+…
title: 'C1 ADJECTIVES: combining, modifying, position, superlatives'
level: C1
super_category: ADJECTIVES
sub_category: combining+modifying+position+…
category: adjectives-adverbs
sort_order: 209
merged_sub_categories:
- combining
- modifying
- position
- superlatives
detectability:
  form: 5
split: null
construct_count: 5
