slug: c1-modality-adjectives+adverbs+could+…-use
title: 'C1 MODALITY: adjectives, adverbs, could, expressions with be, may, need, shall, should, used to,
  will, would (use)'
level: C1
super_category: MODALITY
sub_category: adjectives+adverbs+could+…
category: modals
sort_order: 229
merged_sub_categories:
- adjectives
- adverbs
- could
- expressions with be
- may
- need
- shall
- should
- used to
- will
- would
detectability:
  form: 0
  use: 5
  hybrid: 0
split: use
construct_count: 5
