slug: b1-future-future-continuous+future-in-the-past
title: 'B1 FUTURE: future continuous, future in the past'
level: B1
super_category: FUTURE
sub_category: future continuous+future in the past
category: verbs-tenses
sort_order: 117
merged_sub_categories:
- future continuous
- future in the past
detectability:
  form: 2
  use: 2
split: null
construct_count: 4
