slug: a2-discourse-markers-discourse-markers-in-writing
title: 'A2 DISCOURSE MARKERS: discourse markers in writing'
level: A2
super_category: DISCOURSE MARKERS
sub_category: discourse markers in writing
category: discourse-markers
sort_order: 51
merged_sub_categories:
- discourse markers in writing
detectability:
  form: 2
split: null
construct_count: 2
