slug: a2-verbs-patterns_with-to-and-ing
title: 'A2 VERBS: patterns_with to and -ing'
level: A2
super_category: VERBS
sub_category: patterns_with to and -ing
category: verbs-tenses
sort_order: 87
merged_sub_categories:
- patterns_with to and -ing
detectability:
  form: 4
split: null
construct_count: 4
