slug: c2-modality-adverbs+can+could+…-form
title: 'C2 MODALITY: adverbs, can, could, dare, expressions with be, might, need, shall, used to, will,
  would (form)'
level: C2
super_category: MODALITY
sub_category: adverbs+can+could+…
category: modals
sort_order: 258
merged_sub_categories:
- adverbs
- can
- could
- dare
- expressions with be
- might
- need
- shall
- used to
- will
- would
detectability:
  form: 9
  use: 0
  hybrid: 0
split: form
construct_count: 9
