slug: a2-future-present-continuous-for-future-use
title: 'A2 FUTURE: present continuous for future use'
level: A2
super_category: FUTURE
sub_category: present continuous for future use
category: verbs-tenses
sort_order: 54
merged_sub_categories:
- present continuous for future use
detectability:
  use: 4
  form: 1
split: null
construct_count: 5
