slug: c1-verbs-patterns_with-to-and-ing+phrasal+phrasal-prepositional
title: 'C1 VERBS: patterns_with to and -ing, phrasal, phrasal-prepositional'
level: C1
super_category: VERBS
sub_category: patterns_with to and -ing+phrasal+phrasal-prepositional
category: verbs-tenses
sort_order: 243
merged_sub_categories:
- patterns_with to and -ing
- phrasal
- phrasal-prepositional
detectability:
  form: 3
split: null
construct_count: 3
