slug: b2-future-future-expressions-with-be
title: 'B2 FUTURE: future expressions with be'
level: B2
super_category: FUTURE
sub_category: future expressions with be
category: verbs-tenses
sort_order: 172
merged_sub_categories:
- future expressions with be
detectability:
  form: 3
  use: 3
split: null
construct_count: 6
