slug: c2-adjectives-combining+comparatives+modifying+…
title: 'C2 ADJECTIVES: combining, comparatives, modifying, position, superlatives'
level: C2
super_category: ADJECTIVES
sub_category: combining+comparatives+modifying+…
category: adjectives-adverbs
sort_order: 244
merged_sub_categories:
- combining
- comparatives
- modifying
- position
- superlatives
detectability:
  form: 6
  use: 1
split: null
construct_count: 7
