slug: a1-pronouns-indefinite-thing,-one,-body-etc
title: 'A1 PRONOUNS: indefinite - thing, -one, -body etc'
level: A1
super_category: PRONOUNS
sub_category: indefinite - thing, -one, -body etc
category: pronouns
sort_order: 27
merged_sub_categories:
- indefinite - thing, -one, -body etc
detectability:
  form: 2
split: null
construct_count: 2
