slug: b2-adverbs-adverbs-and-adverb-phrases:-types-and-meanings
title: 'B2 ADVERBS: adverbs and adverb phrases: types and meanings'
level: B2
super_category: ADVERBS
sub_category: 'adverbs and adverb phrases: types and meanings'
category: adjectives-adverbs
sort_order: 161
merged_sub_categories:
- 'adverbs and adverb phrases: types and meanings'
detectability:
  form: 3
split: null
construct_count: 3
