slug: b1-clauses-declarative+phrases-exclamations
title: 'B1 CLAUSES: declarative, phrases/exclamations'
level: B1
super_category: CLAUSES
sub_category: declarative+phrases/exclamations
category: clauses
sort_order: 106
merged_sub_categories:
- declarative
- phrases/exclamations
detectability:
  form: 3
split: null
construct_count: 3
