slug: c1-past-past-perfect-simple+present-perfect-simple
title: 'C1 PAST: past perfect simple, present perfect simple'
level: C1
super_category: PAST
sub_category: past perfect simple+present perfect simple
category: verbs-tenses
sort_order: 236
merged_sub_categories:
- past perfect simple
- present perfect simple
detectability:
  form: 2
split: null
construct_count: 2
