slug: b2-modality-have-got-to+need+ought+…
title: 'B2 MODALITY: have (got) to, need, ought, used to, will, would'
level: B2
super_category: MODALITY
sub_category: have (got) to+need+ought+…
category: modals
sort_order: 184
merged_sub_categories:
- have (got) to
- need
- ought
- used to
- will
- would
detectability:
  use: 5
  form: 3
split: null
construct_count: 8
