slug: c2-clauses-comparatives+coordinated+imperatives+…
title: 'C2 CLAUSES: comparatives, coordinated, imperatives, phrases/exclamations, subordinated'
level: C2
super_category: CLAUSES
sub_category: comparatives+coordinated+imperatives+…
category: clauses
sort_order: 247
merged_sub_categories:
- comparatives
- coordinated
- imperatives
- phrases/exclamations
- subordinated
detectability:
  form: 9
split: null
construct_count: 9
