slug: b1-past-past-perfect-continuous
title: 'B1 PAST: past perfect continuous'
level: B1
super_category: PAST
sub_category: past perfect continuous
category: verbs-tenses
sort_order: 140
merged_sub_categories:
- past perfect continuous
detectability:
  form: 1
  use: 2
split: null
construct_count: 3
