slug: b2-pronouns-indefinite-thing,-one,-body-etc
title: 'B2 PRONOUNS: indefinite - thing, -one, -body etc'
level: B2
super_category: PRONOUNS
sub_category: indefinite - thing, -one, -body etc
category: pronouns
sort_order: 202
merged_sub_categories:
- indefinite - thing, -one, -body etc
detectability:
  form: 2
  use: 1
split: null
construct_count: 3
