slug: c1-future-future-continuous+future-simple-with-will-and-shall+future-wit
title: 'C1 FUTURE: future continuous, future simple (with will and shall), future with be going to, present
  continuous for future use'
level: C1
super_category: FUTURE
sub_category: future continuous+future simple (with will and shall)+future with be going to+…
category: verbs-tenses
sort_order: 224
merged_sub_categories:
- future continuous
- future simple (with will and shall)
- future with be going to
- present continuous for future use
detectability:
  use: 2
  form: 3
split: null
construct_count: 5
