slug: b2-future-future-continuous+future-in-the-past+present-continuous-for-fu
title: 'B2 FUTURE: future continuous, future in the past, present continuous for future use'
level: B2
super_category: FUTURE
sub_category: future continuous+future in the past+present continuous for future use
category: verbs-tenses
sort_order: 175
merged_sub_categories:
- future continuous
- future in the past
- present continuous for future use
detectability:
  form: 1
  use: 5
split: null
construct_count: 6
