slug: a1-adjectives-combining+modifying+position+…
title: 'A1 ADJECTIVES: combining, modifying, position, superlatives'
level: A1
super_category: ADJECTIVES
sub_category: combining+modifying+position+…
category: adjectives-adverbs
sort_order: 1
merged_sub_categories:
- combining
- modifying
- position
- superlatives
detectability:
  form: 5
split: null
construct_count: 5
