slug: c2-pronouns-quantity+reciprocal+reflexive+…
title: 'C2 PRONOUNS: quantity, reciprocal, reflexive, subject/ object, substitution, one, ones, none'
level: C2
super_category: PRONOUNS
sub_category: quantity+reciprocal+reflexive+…
category: pronouns
sort_order: 267
merged_sub_categories:
- quantity
- reciprocal
- reflexive
- subject/ object
- substitution, one, ones, none
detectability:
  use: 1
  form: 5
split: null
construct_count: 6
