slug: b2-past-past-continuous+present-perfect-simple
title: 'B2 PAST: past continuous, present perfect simple'
level: B2
super_category: PAST
sub_category: past continuous+present perfect simple
category: verbs-tenses
sort_order: 194
merged_sub_categories:
- past continuous
- present perfect simple
detectability:
  form: 3
  use: 1
split: null
construct_count: 4
