slug: b2-future-future-perfect-continuous
title: 'B2 FUTURE: future perfect continuous'
level: B2
super_category: FUTURE
sub_category: future perfect continuous
category: verbs-tenses
sort_order: 173
merged_sub_categories:
- future perfect continuous
detectability:
  form: 2
  use: 1
split: null
construct_count: 3
