slug: b2-discourse-markers-discourse-markers-in-writing
title: 'B2 DISCOURSE MARKERS: discourse markers in writing'
level: B2
super_category: DISCOURSE MARKERS
sub_category: discourse markers in writing
category: discourse-markers
sort_order: 170
merged_sub_categories:
- discourse markers in writing
detectability:
  form: 3
split: null
construct_count: 3
