slug: a2-future-future-simple-with-will-and-shall
title: 'A2 FUTURE: future simple (with will and shall)'
level: A2
super_category: FUTURE
sub_category: future simple (with will and shall)
category: verbs-tenses
sort_order: 53
merged_sub_categories:
- future simple (with will and shall)
detectability:
  form: 3
  use: 5
split: null
construct_count: 8
