slug: b1-pronouns-substitution,-one,-ones,-none
title: 'B1 PRONOUNS: substitution, one, ones, none'
level: B1
super_category: PRONOUNS
sub_category: substitution, one, ones, none
category: pronouns
sort_order: 145
merged_sub_categories:
- substitution, one, ones, none
detectability:
  form: 6
split: null
construct_count: 6
