slug: a2-adverbs-adverbs-and-adverb-phrases:-types-and-meanings
title: 'A2 ADVERBS: adverbs and adverb phrases: types and meanings'
level: A2
super_category: ADVERBS
sub_category: 'adverbs and adverb phrases: types and meanings'
category: adjectives-adverbs
sort_order: 39
merged_sub_categories:
- 'adverbs and adverb phrases: types and meanings'
detectability:
  form: 3
split: null
construct_count: 3
