slug: c2-verbs-patterns_with-to-and-ing+phrasal-prepositional
title: 'C2 VERBS: patterns_with to and -ing, phrasal-prepositional'
level: C2
super_category: VERBS
sub_category: patterns_with to and -ing+phrasal-prepositional
category: verbs-tenses
sort_order: 269
merged_sub_categories:
- patterns_with to and -ing
- phrasal-prepositional
detectability:
  form: 2
split: null
construct_count: 2
