slug: b1-verbs-patterns_that-clauses+phrasal-prepositional+prepositional+…
title: 'B1 VERBS: patterns_that clauses, phrasal-prepositional, prepositional, there is/are, types'
level: B1
super_category: VERBS
sub_category: patterns_that clauses+phrasal-prepositional+prepositional+…
category: verbs-tenses
sort_order: 157
merged_sub_categories:
- patterns_that clauses
- phrasal-prepositional
- prepositional
- there is/are
- types
detectability:
  form: 7
split: null
construct_count: 7
