slug: a1-adverbs-adverbs-and-adverb-phrases:-types-and-meanings
title: 'A1 ADVERBS: adverbs and adverb phrases: types and meanings'
level: A1
super_category: ADVERBS
sub_category: 'adverbs and adverb phrases: types and meanings'
category: adjectives-adverbs
sort_order: 4
merged_sub_categories:
- 'adverbs and adverb phrases: types and meanings'
detectability:
  form: 4
split: null
construct_count: 4
