slug: c2-conjunctions-coordinating+subordinating
title: 'C2 CONJUNCTIONS: coordinating, subordinating'
level: C2
super_category: CONJUNCTIONS
sub_category: coordinating+subordinating
category: prepositions-conjunctions
sort_order: 248
merged_sub_categories:
- coordinating
- subordinating
detectability:
  form: 3
split: null
construct_count: 3
