slug: b1-pronouns-indefinite-thing,-one,-body-etc
title: 'B1 PRONOUNS: indefinite - thing, -one, -body etc'
level: B1
super_category: PRONOUNS
sub_category: indefinite - thing, -one, -body etc
category: pronouns
sort_order: 148
merged_sub_categories:
- indefinite - thing, -one, -body etc
detectability:
  form: 3
split: null
construct_count: 3
